// !$*UTF8*$!
{
	archiveVersion = 1;
	classes = {
	};
	objectVersion = 46;
	objects = {

/* Begin PBXBuildFile section */
		4C85B15EF09B6835CD0E7B8E /* Pods_AnheuserBusch.framework in Frameworks */ = {isa = PBXBuildFile; fileRef = D81035F868542EEDBC8DF2DC /* Pods_AnheuserBusch.framework */; };
		842729C71D252B61000EEB1C /* KPIRankingViewController.m in Sources */ = {isa = PBXBuildFile; fileRef = 842729C61D252B61000EEB1C /* KPIRankingViewController.m */; };
		84272A151D25595E000EEB1C /* CStorePLViewConroller.m in Sources */ = {isa = PBXBuildFile; fileRef = 84272A141D25595E000EEB1C /* CStorePLViewConroller.m */; };
		84272A271D257951000EEB1C /* CStorePLTableViewCell.m in Sources */ = {isa = PBXBuildFile; fileRef = 84272A1D1D257951000EEB1C /* CStorePLTableViewCell.m */; };
		84272A2A1D257951000EEB1C /* PeerRankingDetailPageCell.m in Sources */ = {isa = PBXBuildFile; fileRef = 84272A231D257951000EEB1C /* PeerRankingDetailPageCell.m */; };
		84272A2B1D257951000EEB1C /* ProfilePageCustomCell.m in Sources */ = {isa = PBXBuildFile; fileRef = 84272A261D257951000EEB1C /* ProfilePageCustomCell.m */; };
		84272A3B1D257A53000EEB1C /* GUITabPagerViewController.m in Sources */ = {isa = PBXBuildFile; fileRef = 84272A381D257A53000EEB1C /* GUITabPagerViewController.m */; };
		84272A3C1D257A53000EEB1C /* GUITabScrollView.m in Sources */ = {isa = PBXBuildFile; fileRef = 84272A3A1D257A53000EEB1C /* GUITabScrollView.m */; };
		84272A441D257A87000EEB1C /* SalesForceChatterHelper.m in Sources */ = {isa = PBXBuildFile; fileRef = 84272A401D257A87000EEB1C /* SalesForceChatterHelper.m */; };
		84272A451D257A87000EEB1C /* SalesForceSOQL.m in Sources */ = {isa = PBXBuildFile; fileRef = 84272A431D257A87000EEB1C /* SalesForceSOQL.m */; };
		84272A481D258424000EEB1C /* WorkProfileDataModel.m in Sources */ = {isa = PBXBuildFile; fileRef = 84272A471D258424000EEB1C /* WorkProfileDataModel.m */; };
		844AF8811D2637B200397D09 /* IncentivesProgressBarViewModel.m in Sources */ = {isa = PBXBuildFile; fileRef = 844AF8801D2637B200397D09 /* IncentivesProgressBarViewModel.m */; };
		845A4B451D2A5C0C00209263 /* KPIsDetailsDataModel.m in Sources */ = {isa = PBXBuildFile; fileRef = 845A4B441D2A5C0C00209263 /* KPIsDetailsDataModel.m */; };
		8468C8D51D0AA58B00B30DCF /* main.m in Sources */ = {isa = PBXBuildFile; fileRef = 8468C8D41D0AA58B00B30DCF /* main.m */; };
		8468C8DE1D0AA58B00B30DCF /* Main.storyboard in Resources */ = {isa = PBXBuildFile; fileRef = 8468C8DC1D0AA58B00B30DCF /* Main.storyboard */; };
		8468C8E61D0AA58B00B30DCF /* LaunchScreen.storyboard in Resources */ = {isa = PBXBuildFile; fileRef = 8468C8E41D0AA58B00B30DCF /* LaunchScreen.storyboard */; };
		8468C8F11D0AA58B00B30DCF /* AnheuserBuschTests.m in Sources */ = {isa = PBXBuildFile; fileRef = 8468C8F01D0AA58B00B30DCF /* AnheuserBuschTests.m */; };
		8468C8FC1D0AA58B00B30DCF /* AnheuserBuschUITests.m in Sources */ = {isa = PBXBuildFile; fileRef = 8468C8FB1D0AA58B00B30DCF /* AnheuserBuschUITests.m */; };
		8468C9231D0AA82E00B30DCF /* AppDelegate.m in Sources */ = {isa = PBXBuildFile; fileRef = 8468C9171D0AA82E00B30DCF /* AppDelegate.m */; };
		8468C92C1D0AA8D900B30DCF /* LoginViewController.m in Sources */ = {isa = PBXBuildFile; fileRef = 8468C92B1D0AA8D900B30DCF /* LoginViewController.m */; };
		8468C9301D0AA9A300B30DCF /* Assets.xcassets in Resources */ = {isa = PBXBuildFile; fileRef = 8468C92F1D0AA9A300B30DCF /* Assets.xcassets */; };
		8468C9371D0AAA6F00B30DCF /* AnheuserBusch.xcdatamodeld in Sources */ = {isa = PBXBuildFile; fileRef = 8468C9351D0AAA6F00B30DCF /* AnheuserBusch.xcdatamodeld */; };
		8468C93E1D0AACF200B30DCF /* UIKit.framework in Frameworks */ = {isa = PBXBuildFile; fileRef = 8468C93D1D0AACF200B30DCF /* UIKit.framework */; };
		8468C9401D0AACFC00B30DCF /* CoreGraphics.framework in Frameworks */ = {isa = PBXBuildFile; fileRef = 8468C93F1D0AACFC00B30DCF /* CoreGraphics.framework */; };
		8468C9421D0AAD0300B30DCF /* Foundation.framework in Frameworks */ = {isa = PBXBuildFile; fileRef = 8468C9411D0AAD0300B30DCF /* Foundation.framework */; };
		8468C9691D0AF78300B30DCF /* NSObject+HelperUtil.m in Sources */ = {isa = PBXBuildFile; fileRef = 8468C9681D0AF78300B30DCF /* NSObject+HelperUtil.m */; };
		847E5E031D22AF6D006B9854 /* OnBoardingViewController.m in Sources */ = {isa = PBXBuildFile; fileRef = 847E5E021D22AF6D006B9854 /* OnBoardingViewController.m */; };
		847E5E061D22AF95006B9854 /* InternalViewController.m in Sources */ = {isa = PBXBuildFile; fileRef = 847E5E051D22AF95006B9854 /* InternalViewController.m */; };
		847E5E1F1D22E6B7006B9854 /* CustomSideMenuController.m in Sources */ = {isa = PBXBuildFile; fileRef = 847E5E141D22E6B7006B9854 /* CustomSideMenuController.m */; };
		847E5E201D22E6B7006B9854 /* CustomSideMenuOptions.m in Sources */ = {isa = PBXBuildFile; fileRef = 847E5E161D22E6B7006B9854 /* CustomSideMenuOptions.m */; };
		847E5E211D22E6B7006B9854 /* MenuListTableViewListCell.m in Sources */ = {isa = PBXBuildFile; fileRef = 847E5E1A1D22E6B7006B9854 /* MenuListTableViewListCell.m */; };
		847E5E221D22E6B7006B9854 /* MenuListTableViewListCell.xib in Resources */ = {isa = PBXBuildFile; fileRef = 847E5E1B1D22E6B7006B9854 /* MenuListTableViewListCell.xib */; };
		847E5E231D22E6B7006B9854 /* MenuListViewController.m in Sources */ = {isa = PBXBuildFile; fileRef = 847E5E1D1D22E6B7006B9854 /* MenuListViewController.m */; };
		847E5E241D22E6B7006B9854 /* MenuListViewController.xib in Resources */ = {isa = PBXBuildFile; fileRef = 847E5E1E1D22E6B7006B9854 /* MenuListViewController.xib */; };
		847E5E311D22E6D8006B9854 /* ChatterViewController.m in Sources */ = {isa = PBXBuildFile; fileRef = 847E5E271D22E6D8006B9854 /* ChatterViewController.m */; };
		847E5E321D22E6D8006B9854 /* ChatterViewControllerPresenter.m in Sources */ = {isa = PBXBuildFile; fileRef = 847E5E291D22E6D8006B9854 /* ChatterViewControllerPresenter.m */; };
		847E5E331D22E6D8006B9854 /* CommentVIew.m in Sources */ = {isa = PBXBuildFile; fileRef = 847E5E2C1D22E6D8006B9854 /* CommentVIew.m */; };
		847E5E341D22E6D8006B9854 /* CommentVIew.xib in Resources */ = {isa = PBXBuildFile; fileRef = 847E5E2D1D22E6D8006B9854 /* CommentVIew.xib */; };
		847E5E351D22E6D8006B9854 /* FeedListTableViewCell.m in Sources */ = {isa = PBXBuildFile; fileRef = 847E5E2F1D22E6D8006B9854 /* FeedListTableViewCell.m */; };
		847E5E421D22E6FB006B9854 /* ActorDataModel.m in Sources */ = {isa = PBXBuildFile; fileRef = 847E5E391D22E6FB006B9854 /* ActorDataModel.m */; };
		847E5E431D22E6FB006B9854 /* CommentItemModel.m in Sources */ = {isa = PBXBuildFile; fileRef = 847E5E3C1D22E6FB006B9854 /* CommentItemModel.m */; };
		847E5E441D22E6FB006B9854 /* CommentModel.m in Sources */ = {isa = PBXBuildFile; fileRef = 847E5E3E1D22E6FB006B9854 /* CommentModel.m */; };
		847E5E451D22E6FB006B9854 /* FeedDataModel.m in Sources */ = {isa = PBXBuildFile; fileRef = 847E5E411D22E6FB006B9854 /* FeedDataModel.m */; };
		84852EC21D240EAC00C4DE42 /* IncentivesProgressBarView.m in Sources */ = {isa = PBXBuildFile; fileRef = 84852EC11D240EAC00C4DE42 /* IncentivesProgressBarView.m */; };
		84BAE0681D2A552600F0B38A /* ProfileDemo.plist in Resources */ = {isa = PBXBuildFile; fileRef = 84BAE0671D2A552600F0B38A /* ProfileDemo.plist */; };
		B50FEC881D22553B00EA34D4 /* IncentiveDataModel.m in Sources */ = {isa = PBXBuildFile; fileRef = B50FEC871D22553B00EA34D4 /* IncentiveDataModel.m */; };
		B50FEC8B1D225DFD00EA34D4 /* ProfileViewPresenter.m in Sources */ = {isa = PBXBuildFile; fileRef = B50FEC8A1D225DFD00EA34D4 /* ProfileViewPresenter.m */; };
		B51EED501D255FBC00F9A97E /* PeerProfileViewController.m in Sources */ = {isa = PBXBuildFile; fileRef = B51EED4F1D255FBC00F9A97E /* PeerProfileViewController.m */; };
		B58F29ED1D268FD300B307CA /* KPIRankingViewPresenter.m in Sources */ = {isa = PBXBuildFile; fileRef = B58F29EC1D268FD300B307CA /* KPIRankingViewPresenter.m */; };
		B58F29F01D268FFC00B307CA /* KPIRankingViewProtocol.m in Sources */ = {isa = PBXBuildFile; fileRef = B58F29EF1D268FFC00B307CA /* KPIRankingViewProtocol.m */; };
		B58F29F31D26902300B307CA /* PeerProfileViewPresenter.m in Sources */ = {isa = PBXBuildFile; fileRef = B58F29F21D26902300B307CA /* PeerProfileViewPresenter.m */; };
		B5B04ED81D23F55E002BAC9F /* PeerRankingDataModel.m in Sources */ = {isa = PBXBuildFile; fileRef = B5B04ED71D23F55E002BAC9F /* PeerRankingDataModel.m */; };
		B5B04EDF1D23F5B9002BAC9F /* PeerRankingDetailPresenter.m in Sources */ = {isa = PBXBuildFile; fileRef = B5B04EDB1D23F5B9002BAC9F /* PeerRankingDetailPresenter.m */; };
		B5B04EE01D23F5B9002BAC9F /* PeerRankingDetailViewController.m in Sources */ = {isa = PBXBuildFile; fileRef = B5B04EDE1D23F5B9002BAC9F /* PeerRankingDetailViewController.m */; };
		B5F19B701D212E1C003A4246 /* ProfileViewController.m in Sources */ = {isa = PBXBuildFile; fileRef = B5F19B6F1D212E1C003A4246 /* ProfileViewController.m */; };
		EA895D621D0B477E00BF8902 /* NSLayoutConstraint+LayoutConstraintHelper.m in Sources */ = {isa = PBXBuildFile; fileRef = EA895D611D0B477E00BF8902 /* NSLayoutConstraint+LayoutConstraintHelper.m */; };
		EA895D651D0B4B7000BF8902 /* UIView+Common.m in Sources */ = {isa = PBXBuildFile; fileRef = EA895D641D0B4B7000BF8902 /* UIView+Common.m */; };
		EA895D751D0B51F300BF8902 /* UIResponder+UIComponentUtility.m in Sources */ = {isa = PBXBuildFile; fileRef = EA895D741D0B51F300BF8902 /* UIResponder+UIComponentUtility.m */; };
		EA895D7C1D0B55BD00BF8902 /* PageBaseViewController.m in Sources */ = {isa = PBXBuildFile; fileRef = EA895D7B1D0B55BD00BF8902 /* PageBaseViewController.m */; };
		EADDBBD71D244D90000908A9 /* BaseChildViewController.m in Sources */ = {isa = PBXBuildFile; fileRef = EADDBBD61D244D90000908A9 /* BaseChildViewController.m */; };
		EADDBBDB1D244EB9000908A9 /* CustomNavigationController.m in Sources */ = {isa = PBXBuildFile; fileRef = EADDBBDA1D244EB8000908A9 /* CustomNavigationController.m */; };
/* End PBXBuildFile section */

/* Begin PBXContainerItemProxy section */
		8468C8ED1D0AA58B00B30DCF /* PBXContainerItemProxy */ = {
			isa = PBXContainerItemProxy;
			containerPortal = 8468C8C81D0AA58B00B30DCF /* Project object */;
			proxyType = 1;
			remoteGlobalIDString = 8468C8CF1D0AA58B00B30DCF;
			remoteInfo = AnheuserBusch;
		};
		8468C8F81D0AA58B00B30DCF /* PBXContainerItemProxy */ = {
			isa = PBXContainerItemProxy;
			containerPortal = 8468C8C81D0AA58B00B30DCF /* Project object */;
			proxyType = 1;
			remoteGlobalIDString = 8468C8CF1D0AA58B00B30DCF;
			remoteInfo = AnheuserBusch;
		};
/* End PBXContainerItemProxy section */

/* Begin PBXFileReference section */
		032583A2F00214ECCB084D5B /* Pods-AnheuserBusch.release.xcconfig */ = {isa = PBXFileReference; includeInIndex = 1; lastKnownFileType = text.xcconfig; name = "Pods-AnheuserBusch.release.xcconfig"; path = "Pods/Target Support Files/Pods-AnheuserBusch/Pods-AnheuserBusch.release.xcconfig"; sourceTree = "<group>"; };
		03D768E5340D91F558808008 /* Pods-AnheuserBusch.debug.xcconfig */ = {isa = PBXFileReference; includeInIndex = 1; lastKnownFileType = text.xcconfig; name = "Pods-AnheuserBusch.debug.xcconfig"; path = "Pods/Target Support Files/Pods-AnheuserBusch/Pods-AnheuserBusch.debug.xcconfig"; sourceTree = "<group>"; };
		842729C51D252B61000EEB1C /* KPIRankingViewController.h */ = {isa = PBXFileReference; fileEncoding = 4; lastKnownFileType = sourcecode.c.h; path = KPIRankingViewController.h; sourceTree = "<group>"; };
		842729C61D252B61000EEB1C /* KPIRankingViewController.m */ = {isa = PBXFileReference; fileEncoding = 4; lastKnownFileType = sourcecode.c.objc; path = KPIRankingViewController.m; sourceTree = "<group>"; };
		84272A131D25595E000EEB1C /* CStorePLViewConroller.h */ = {isa = PBXFileReference; fileEncoding = 4; lastKnownFileType = sourcecode.c.h; path = CStorePLViewConroller.h; sourceTree = "<group>"; };
		84272A141D25595E000EEB1C /* CStorePLViewConroller.m */ = {isa = PBXFileReference; fileEncoding = 4; lastKnownFileType = sourcecode.c.objc; path = CStorePLViewConroller.m; sourceTree = "<group>"; };
		84272A1C1D257951000EEB1C /* CStorePLTableViewCell.h */ = {isa = PBXFileReference; fileEncoding = 4; lastKnownFileType = sourcecode.c.h; path = CStorePLTableViewCell.h; sourceTree = "<group>"; };
		84272A1D1D257951000EEB1C /* CStorePLTableViewCell.m */ = {isa = PBXFileReference; fileEncoding = 4; lastKnownFileType = sourcecode.c.objc; path = CStorePLTableViewCell.m; sourceTree = "<group>"; };
		84272A221D257951000EEB1C /* PeerRankingDetailPageCell.h */ = {isa = PBXFileReference; fileEncoding = 4; lastKnownFileType = sourcecode.c.h; path = PeerRankingDetailPageCell.h; sourceTree = "<group>"; };
		84272A231D257951000EEB1C /* PeerRankingDetailPageCell.m */ = {isa = PBXFileReference; fileEncoding = 4; lastKnownFileType = sourcecode.c.objc; path = PeerRankingDetailPageCell.m; sourceTree = "<group>"; };
		84272A251D257951000EEB1C /* ProfilePageCustomCell.h */ = {isa = PBXFileReference; fileEncoding = 4; lastKnownFileType = sourcecode.c.h; path = ProfilePageCustomCell.h; sourceTree = "<group>"; };
		84272A261D257951000EEB1C /* ProfilePageCustomCell.m */ = {isa = PBXFileReference; fileEncoding = 4; lastKnownFileType = sourcecode.c.objc; path = ProfilePageCustomCell.m; sourceTree = "<group>"; };
		84272A371D257A53000EEB1C /* GUITabPagerViewController.h */ = {isa = PBXFileReference; fileEncoding = 4; lastKnownFileType = sourcecode.c.h; path = GUITabPagerViewController.h; sourceTree = "<group>"; };
		84272A381D257A53000EEB1C /* GUITabPagerViewController.m */ = {isa = PBXFileReference; fileEncoding = 4; lastKnownFileType = sourcecode.c.objc; path = GUITabPagerViewController.m; sourceTree = "<group>"; };
		84272A391D257A53000EEB1C /* GUITabScrollView.h */ = {isa = PBXFileReference; fileEncoding = 4; lastKnownFileType = sourcecode.c.h; path = GUITabScrollView.h; sourceTree = "<group>"; };
		84272A3A1D257A53000EEB1C /* GUITabScrollView.m */ = {isa = PBXFileReference; fileEncoding = 4; lastKnownFileType = sourcecode.c.objc; path = GUITabScrollView.m; sourceTree = "<group>"; };
		84272A3F1D257A87000EEB1C /* SalesForceChatterHelper.h */ = {isa = PBXFileReference; fileEncoding = 4; lastKnownFileType = sourcecode.c.h; path = SalesForceChatterHelper.h; sourceTree = "<group>"; };
		84272A401D257A87000EEB1C /* SalesForceChatterHelper.m */ = {isa = PBXFileReference; fileEncoding = 4; lastKnownFileType = sourcecode.c.objc; path = SalesForceChatterHelper.m; sourceTree = "<group>"; };
		84272A421D257A87000EEB1C /* SalesForceSOQL.h */ = {isa = PBXFileReference; fileEncoding = 4; lastKnownFileType = sourcecode.c.h; path = SalesForceSOQL.h; sourceTree = "<group>"; };
		84272A431D257A87000EEB1C /* SalesForceSOQL.m */ = {isa = PBXFileReference; fileEncoding = 4; lastKnownFileType = sourcecode.c.objc; path = SalesForceSOQL.m; sourceTree = "<group>"; };
		84272A461D258424000EEB1C /* WorkProfileDataModel.h */ = {isa = PBXFileReference; fileEncoding = 4; lastKnownFileType = sourcecode.c.h; path = WorkProfileDataModel.h; sourceTree = "<group>"; };
		84272A471D258424000EEB1C /* WorkProfileDataModel.m */ = {isa = PBXFileReference; fileEncoding = 4; lastKnownFileType = sourcecode.c.objc; path = WorkProfileDataModel.m; sourceTree = "<group>"; };
		844AF87F1D2637B200397D09 /* IncentivesProgressBarViewModel.h */ = {isa = PBXFileReference; fileEncoding = 4; lastKnownFileType = sourcecode.c.h; path = IncentivesProgressBarViewModel.h; sourceTree = "<group>"; };
		844AF8801D2637B200397D09 /* IncentivesProgressBarViewModel.m */ = {isa = PBXFileReference; fileEncoding = 4; lastKnownFileType = sourcecode.c.objc; path = IncentivesProgressBarViewModel.m; sourceTree = "<group>"; };
		845A4B431D2A5C0C00209263 /* KPIsDetailsDataModel.h */ = {isa = PBXFileReference; fileEncoding = 4; lastKnownFileType = sourcecode.c.h; path = KPIsDetailsDataModel.h; sourceTree = "<group>"; };
		845A4B441D2A5C0C00209263 /* KPIsDetailsDataModel.m */ = {isa = PBXFileReference; fileEncoding = 4; lastKnownFileType = sourcecode.c.objc; path = KPIsDetailsDataModel.m; sourceTree = "<group>"; };
		8468C8D01D0AA58B00B30DCF /* AnheuserBusch.app */ = {isa = PBXFileReference; explicitFileType = wrapper.application; includeInIndex = 0; path = AnheuserBusch.app; sourceTree = BUILT_PRODUCTS_DIR; };
		8468C8D41D0AA58B00B30DCF /* main.m */ = {isa = PBXFileReference; lastKnownFileType = sourcecode.c.objc; path = main.m; sourceTree = "<group>"; };
		8468C8DD1D0AA58B00B30DCF /* Base */ = {isa = PBXFileReference; lastKnownFileType = file.storyboard; name = Base; path = Base.lproj/Main.storyboard; sourceTree = "<group>"; };
		8468C8E51D0AA58B00B30DCF /* Base */ = {isa = PBXFileReference; lastKnownFileType = file.storyboard; name = Base; path = Base.lproj/LaunchScreen.storyboard; sourceTree = "<group>"; };
		8468C8E71D0AA58B00B30DCF /* Info.plist */ = {isa = PBXFileReference; lastKnownFileType = text.plist.xml; path = Info.plist; sourceTree = "<group>"; };
		8468C8EC1D0AA58B00B30DCF /* AnheuserBuschTests.xctest */ = {isa = PBXFileReference; explicitFileType = wrapper.cfbundle; includeInIndex = 0; path = AnheuserBuschTests.xctest; sourceTree = BUILT_PRODUCTS_DIR; };
		8468C8F01D0AA58B00B30DCF /* AnheuserBuschTests.m */ = {isa = PBXFileReference; lastKnownFileType = sourcecode.c.objc; path = AnheuserBuschTests.m; sourceTree = "<group>"; };
		8468C8F21D0AA58B00B30DCF /* Info.plist */ = {isa = PBXFileReference; lastKnownFileType = text.plist.xml; path = Info.plist; sourceTree = "<group>"; };
		8468C8F71D0AA58B00B30DCF /* AnheuserBuschUITests.xctest */ = {isa = PBXFileReference; explicitFileType = wrapper.cfbundle; includeInIndex = 0; path = AnheuserBuschUITests.xctest; sourceTree = BUILT_PRODUCTS_DIR; };
		8468C8FB1D0AA58B00B30DCF /* AnheuserBuschUITests.m */ = {isa = PBXFileReference; lastKnownFileType = sourcecode.c.objc; path = AnheuserBuschUITests.m; sourceTree = "<group>"; };
		8468C8FD1D0AA58B00B30DCF /* Info.plist */ = {isa = PBXFileReference; lastKnownFileType = text.plist.xml; path = Info.plist; sourceTree = "<group>"; };
		8468C9161D0AA82E00B30DCF /* AppDelegate.h */ = {isa = PBXFileReference; fileEncoding = 4; lastKnownFileType = sourcecode.c.h; path = AppDelegate.h; sourceTree = "<group>"; };
		8468C9171D0AA82E00B30DCF /* AppDelegate.m */ = {isa = PBXFileReference; fileEncoding = 4; lastKnownFileType = sourcecode.c.objc; path = AppDelegate.m; sourceTree = "<group>"; };
		8468C92A1D0AA8D900B30DCF /* LoginViewController.h */ = {isa = PBXFileReference; fileEncoding = 4; lastKnownFileType = sourcecode.c.h; path = LoginViewController.h; sourceTree = "<group>"; };
		8468C92B1D0AA8D900B30DCF /* LoginViewController.m */ = {isa = PBXFileReference; fileEncoding = 4; lastKnownFileType = sourcecode.c.objc; path = LoginViewController.m; sourceTree = "<group>"; };
		8468C92F1D0AA9A300B30DCF /* Assets.xcassets */ = {isa = PBXFileReference; lastKnownFileType = folder.assetcatalog; path = Assets.xcassets; sourceTree = "<group>"; };
		8468C9361D0AAA6F00B30DCF /* AnheuserBusch.xcdatamodel */ = {isa = PBXFileReference; lastKnownFileType = wrapper.xcdatamodel; path = AnheuserBusch.xcdatamodel; sourceTree = "<group>"; };
		8468C93D1D0AACF200B30DCF /* UIKit.framework */ = {isa = PBXFileReference; lastKnownFileType = wrapper.framework; name = UIKit.framework; path = System/Library/Frameworks/UIKit.framework; sourceTree = SDKROOT; };
		8468C93F1D0AACFC00B30DCF /* CoreGraphics.framework */ = {isa = PBXFileReference; lastKnownFileType = wrapper.framework; name = CoreGraphics.framework; path = System/Library/Frameworks/CoreGraphics.framework; sourceTree = SDKROOT; };
		8468C9411D0AAD0300B30DCF /* Foundation.framework */ = {isa = PBXFileReference; lastKnownFileType = wrapper.framework; name = Foundation.framework; path = System/Library/Frameworks/Foundation.framework; sourceTree = SDKROOT; };
		8468C9441D0AB00800B30DCF /* Constants.h */ = {isa = PBXFileReference; fileEncoding = 4; lastKnownFileType = sourcecode.c.h; path = Constants.h; sourceTree = "<group>"; };
		8468C9671D0AF78300B30DCF /* NSObject+HelperUtil.h */ = {isa = PBXFileReference; fileEncoding = 4; lastKnownFileType = sourcecode.c.h; path = "NSObject+HelperUtil.h"; sourceTree = "<group>"; };
		8468C9681D0AF78300B30DCF /* NSObject+HelperUtil.m */ = {isa = PBXFileReference; fileEncoding = 4; lastKnownFileType = sourcecode.c.objc; path = "NSObject+HelperUtil.m"; sourceTree = "<group>"; };
		847E5E011D22AF6D006B9854 /* OnBoardingViewController.h */ = {isa = PBXFileReference; fileEncoding = 4; lastKnownFileType = sourcecode.c.h; path = OnBoardingViewController.h; sourceTree = "<group>"; };
		847E5E021D22AF6D006B9854 /* OnBoardingViewController.m */ = {isa = PBXFileReference; fileEncoding = 4; lastKnownFileType = sourcecode.c.objc; path = OnBoardingViewController.m; sourceTree = "<group>"; };
		847E5E041D22AF95006B9854 /* InternalViewController.h */ = {isa = PBXFileReference; fileEncoding = 4; lastKnownFileType = sourcecode.c.h; path = InternalViewController.h; sourceTree = "<group>"; };
		847E5E051D22AF95006B9854 /* InternalViewController.m */ = {isa = PBXFileReference; fileEncoding = 4; lastKnownFileType = sourcecode.c.objc; path = InternalViewController.m; sourceTree = "<group>"; };
		847E5E131D22E6B7006B9854 /* CustomSideMenuController.h */ = {isa = PBXFileReference; fileEncoding = 4; lastKnownFileType = sourcecode.c.h; path = CustomSideMenuController.h; sourceTree = "<group>"; };
		847E5E141D22E6B7006B9854 /* CustomSideMenuController.m */ = {isa = PBXFileReference; fileEncoding = 4; lastKnownFileType = sourcecode.c.objc; path = CustomSideMenuController.m; sourceTree = "<group>"; };
		847E5E151D22E6B7006B9854 /* CustomSideMenuOptions.h */ = {isa = PBXFileReference; fileEncoding = 4; lastKnownFileType = sourcecode.c.h; path = CustomSideMenuOptions.h; sourceTree = "<group>"; };
		847E5E161D22E6B7006B9854 /* CustomSideMenuOptions.m */ = {isa = PBXFileReference; fileEncoding = 4; lastKnownFileType = sourcecode.c.objc; path = CustomSideMenuOptions.m; sourceTree = "<group>"; };
		847E5E191D22E6B7006B9854 /* MenuListTableViewListCell.h */ = {isa = PBXFileReference; fileEncoding = 4; lastKnownFileType = sourcecode.c.h; path = MenuListTableViewListCell.h; sourceTree = "<group>"; };
		847E5E1A1D22E6B7006B9854 /* MenuListTableViewListCell.m */ = {isa = PBXFileReference; fileEncoding = 4; lastKnownFileType = sourcecode.c.objc; path = MenuListTableViewListCell.m; sourceTree = "<group>"; };
		847E5E1B1D22E6B7006B9854 /* MenuListTableViewListCell.xib */ = {isa = PBXFileReference; fileEncoding = 4; lastKnownFileType = file.xib; path = MenuListTableViewListCell.xib; sourceTree = "<group>"; };
		847E5E1C1D22E6B7006B9854 /* MenuListViewController.h */ = {isa = PBXFileReference; fileEncoding = 4; lastKnownFileType = sourcecode.c.h; path = MenuListViewController.h; sourceTree = "<group>"; };
		847E5E1D1D22E6B7006B9854 /* MenuListViewController.m */ = {isa = PBXFileReference; fileEncoding = 4; lastKnownFileType = sourcecode.c.objc; path = MenuListViewController.m; sourceTree = "<group>"; };
		847E5E1E1D22E6B7006B9854 /* MenuListViewController.xib */ = {isa = PBXFileReference; fileEncoding = 4; lastKnownFileType = file.xib; path = MenuListViewController.xib; sourceTree = "<group>"; };
		847E5E261D22E6D8006B9854 /* ChatterViewController.h */ = {isa = PBXFileReference; fileEncoding = 4; lastKnownFileType = sourcecode.c.h; path = ChatterViewController.h; sourceTree = "<group>"; };
		847E5E271D22E6D8006B9854 /* ChatterViewController.m */ = {isa = PBXFileReference; fileEncoding = 4; lastKnownFileType = sourcecode.c.objc; path = ChatterViewController.m; sourceTree = "<group>"; };
		847E5E281D22E6D8006B9854 /* ChatterViewControllerPresenter.h */ = {isa = PBXFileReference; fileEncoding = 4; lastKnownFileType = sourcecode.c.h; path = ChatterViewControllerPresenter.h; sourceTree = "<group>"; };
		847E5E291D22E6D8006B9854 /* ChatterViewControllerPresenter.m */ = {isa = PBXFileReference; fileEncoding = 4; lastKnownFileType = sourcecode.c.objc; path = ChatterViewControllerPresenter.m; sourceTree = "<group>"; };
		847E5E2A1D22E6D8006B9854 /* ChatterViewControllerProtocol.h */ = {isa = PBXFileReference; fileEncoding = 4; lastKnownFileType = sourcecode.c.h; path = ChatterViewControllerProtocol.h; sourceTree = "<group>"; };
		847E5E2B1D22E6D8006B9854 /* CommentVIew.h */ = {isa = PBXFileReference; fileEncoding = 4; lastKnownFileType = sourcecode.c.h; path = CommentVIew.h; sourceTree = "<group>"; };
		847E5E2C1D22E6D8006B9854 /* CommentVIew.m */ = {isa = PBXFileReference; fileEncoding = 4; lastKnownFileType = sourcecode.c.objc; path = CommentVIew.m; sourceTree = "<group>"; };
		847E5E2D1D22E6D8006B9854 /* CommentVIew.xib */ = {isa = PBXFileReference; fileEncoding = 4; lastKnownFileType = file.xib; path = CommentVIew.xib; sourceTree = "<group>"; };
		847E5E2E1D22E6D8006B9854 /* FeedListTableViewCell.h */ = {isa = PBXFileReference; fileEncoding = 4; lastKnownFileType = sourcecode.c.h; path = FeedListTableViewCell.h; sourceTree = "<group>"; };
		847E5E2F1D22E6D8006B9854 /* FeedListTableViewCell.m */ = {isa = PBXFileReference; fileEncoding = 4; lastKnownFileType = sourcecode.c.objc; path = FeedListTableViewCell.m; sourceTree = "<group>"; };
		847E5E301D22E6D8006B9854 /* FeedListTableViewCellDelegate.h */ = {isa = PBXFileReference; fileEncoding = 4; lastKnownFileType = sourcecode.c.h; path = FeedListTableViewCellDelegate.h; sourceTree = "<group>"; };
		847E5E381D22E6FB006B9854 /* ActorDataModel.h */ = {isa = PBXFileReference; fileEncoding = 4; lastKnownFileType = sourcecode.c.h; path = ActorDataModel.h; sourceTree = "<group>"; };
		847E5E391D22E6FB006B9854 /* ActorDataModel.m */ = {isa = PBXFileReference; fileEncoding = 4; lastKnownFileType = sourcecode.c.objc; path = ActorDataModel.m; sourceTree = "<group>"; };
		847E5E3B1D22E6FB006B9854 /* CommentItemModel.h */ = {isa = PBXFileReference; fileEncoding = 4; lastKnownFileType = sourcecode.c.h; path = CommentItemModel.h; sourceTree = "<group>"; };
		847E5E3C1D22E6FB006B9854 /* CommentItemModel.m */ = {isa = PBXFileReference; fileEncoding = 4; lastKnownFileType = sourcecode.c.objc; path = CommentItemModel.m; sourceTree = "<group>"; };
		847E5E3D1D22E6FB006B9854 /* CommentModel.h */ = {isa = PBXFileReference; fileEncoding = 4; lastKnownFileType = sourcecode.c.h; path = CommentModel.h; sourceTree = "<group>"; };
		847E5E3E1D22E6FB006B9854 /* CommentModel.m */ = {isa = PBXFileReference; fileEncoding = 4; lastKnownFileType = sourcecode.c.objc; path = CommentModel.m; sourceTree = "<group>"; };
		847E5E401D22E6FB006B9854 /* FeedDataModel.h */ = {isa = PBXFileReference; fileEncoding = 4; lastKnownFileType = sourcecode.c.h; path = FeedDataModel.h; sourceTree = "<group>"; };
		847E5E411D22E6FB006B9854 /* FeedDataModel.m */ = {isa = PBXFileReference; fileEncoding = 4; lastKnownFileType = sourcecode.c.objc; path = FeedDataModel.m; sourceTree = "<group>"; };
		84852EC01D240EAC00C4DE42 /* IncentivesProgressBarView.h */ = {isa = PBXFileReference; fileEncoding = 4; lastKnownFileType = sourcecode.c.h; path = IncentivesProgressBarView.h; sourceTree = "<group>"; };
		84852EC11D240EAC00C4DE42 /* IncentivesProgressBarView.m */ = {isa = PBXFileReference; fileEncoding = 4; lastKnownFileType = sourcecode.c.objc; path = IncentivesProgressBarView.m; sourceTree = "<group>"; };
		84BAE0671D2A552600F0B38A /* ProfileDemo.plist */ = {isa = PBXFileReference; fileEncoding = 4; lastKnownFileType = text.plist.xml; path = ProfileDemo.plist; sourceTree = "<group>"; };
		B50FEC861D22553B00EA34D4 /* IncentiveDataModel.h */ = {isa = PBXFileReference; fileEncoding = 4; lastKnownFileType = sourcecode.c.h; path = IncentiveDataModel.h; sourceTree = "<group>"; };
		B50FEC871D22553B00EA34D4 /* IncentiveDataModel.m */ = {isa = PBXFileReference; fileEncoding = 4; lastKnownFileType = sourcecode.c.objc; path = IncentiveDataModel.m; sourceTree = "<group>"; };
		B50FEC891D225DFD00EA34D4 /* ProfileViewPresenter.h */ = {isa = PBXFileReference; fileEncoding = 4; lastKnownFileType = sourcecode.c.h; path = ProfileViewPresenter.h; sourceTree = "<group>"; };
		B50FEC8A1D225DFD00EA34D4 /* ProfileViewPresenter.m */ = {isa = PBXFileReference; fileEncoding = 4; lastKnownFileType = sourcecode.c.objc; path = ProfileViewPresenter.m; sourceTree = "<group>"; };
		B50FEC8C1D225E3B00EA34D4 /* ProfileViewProtocol.h */ = {isa = PBXFileReference; fileEncoding = 4; lastKnownFileType = sourcecode.c.h; path = ProfileViewProtocol.h; sourceTree = "<group>"; };
		B51EED4E1D255FBC00F9A97E /* PeerProfileViewController.h */ = {isa = PBXFileReference; fileEncoding = 4; lastKnownFileType = sourcecode.c.h; path = PeerProfileViewController.h; sourceTree = "<group>"; };
		B51EED4F1D255FBC00F9A97E /* PeerProfileViewController.m */ = {isa = PBXFileReference; fileEncoding = 4; lastKnownFileType = sourcecode.c.objc; path = PeerProfileViewController.m; sourceTree = "<group>"; };
		B58F29EB1D268FD300B307CA /* KPIRankingViewPresenter.h */ = {isa = PBXFileReference; fileEncoding = 4; lastKnownFileType = sourcecode.c.h; path = KPIRankingViewPresenter.h; sourceTree = "<group>"; };
		B58F29EC1D268FD300B307CA /* KPIRankingViewPresenter.m */ = {isa = PBXFileReference; fileEncoding = 4; lastKnownFileType = sourcecode.c.objc; path = KPIRankingViewPresenter.m; sourceTree = "<group>"; };
		B58F29EE1D268FFB00B307CA /* KPIRankingViewProtocol.h */ = {isa = PBXFileReference; fileEncoding = 4; lastKnownFileType = sourcecode.c.h; path = KPIRankingViewProtocol.h; sourceTree = "<group>"; };
		B58F29EF1D268FFC00B307CA /* KPIRankingViewProtocol.m */ = {isa = PBXFileReference; fileEncoding = 4; lastKnownFileType = sourcecode.c.objc; path = KPIRankingViewProtocol.m; sourceTree = "<group>"; };
		B58F29F11D26902300B307CA /* PeerProfileViewPresenter.h */ = {isa = PBXFileReference; fileEncoding = 4; lastKnownFileType = sourcecode.c.h; path = PeerProfileViewPresenter.h; sourceTree = "<group>"; };
		B58F29F21D26902300B307CA /* PeerProfileViewPresenter.m */ = {isa = PBXFileReference; fileEncoding = 4; lastKnownFileType = sourcecode.c.objc; path = PeerProfileViewPresenter.m; sourceTree = "<group>"; };
		B58F29F41D26904A00B307CA /* PeerProfileViewProtocol.h */ = {isa = PBXFileReference; fileEncoding = 4; lastKnownFileType = sourcecode.c.h; path = PeerProfileViewProtocol.h; sourceTree = "<group>"; };
		B5B04ED61D23F55D002BAC9F /* PeerRankingDataModel.h */ = {isa = PBXFileReference; fileEncoding = 4; lastKnownFileType = sourcecode.c.h; path = PeerRankingDataModel.h; sourceTree = "<group>"; };
		B5B04ED71D23F55E002BAC9F /* PeerRankingDataModel.m */ = {isa = PBXFileReference; fileEncoding = 4; lastKnownFileType = sourcecode.c.objc; path = PeerRankingDataModel.m; sourceTree = "<group>"; };
		B5B04EDA1D23F5B9002BAC9F /* PeerRankingDetailPresenter.h */ = {isa = PBXFileReference; fileEncoding = 4; lastKnownFileType = sourcecode.c.h; path = PeerRankingDetailPresenter.h; sourceTree = "<group>"; };
		B5B04EDB1D23F5B9002BAC9F /* PeerRankingDetailPresenter.m */ = {isa = PBXFileReference; fileEncoding = 4; lastKnownFileType = sourcecode.c.objc; path = PeerRankingDetailPresenter.m; sourceTree = "<group>"; };
		B5B04EDC1D23F5B9002BAC9F /* PeerRankingDetailProtocol.h */ = {isa = PBXFileReference; fileEncoding = 4; lastKnownFileType = sourcecode.c.h; path = PeerRankingDetailProtocol.h; sourceTree = "<group>"; };
		B5B04EDD1D23F5B9002BAC9F /* PeerRankingDetailViewController.h */ = {isa = PBXFileReference; fileEncoding = 4; lastKnownFileType = sourcecode.c.h; path = PeerRankingDetailViewController.h; sourceTree = "<group>"; };
		B5B04EDE1D23F5B9002BAC9F /* PeerRankingDetailViewController.m */ = {isa = PBXFileReference; fileEncoding = 4; lastKnownFileType = sourcecode.c.objc; path = PeerRankingDetailViewController.m; sourceTree = "<group>"; };
		B5F19B6E1D212E1C003A4246 /* ProfileViewController.h */ = {isa = PBXFileReference; fileEncoding = 4; lastKnownFileType = sourcecode.c.h; path = ProfileViewController.h; sourceTree = "<group>"; };
		B5F19B6F1D212E1C003A4246 /* ProfileViewController.m */ = {isa = PBXFileReference; fileEncoding = 4; lastKnownFileType = sourcecode.c.objc; path = ProfileViewController.m; sourceTree = "<group>"; };
		D81035F868542EEDBC8DF2DC /* Pods_AnheuserBusch.framework */ = {isa = PBXFileReference; explicitFileType = wrapper.framework; includeInIndex = 0; path = Pods_AnheuserBusch.framework; sourceTree = BUILT_PRODUCTS_DIR; };
		EA895D601D0B477E00BF8902 /* NSLayoutConstraint+LayoutConstraintHelper.h */ = {isa = PBXFileReference; fileEncoding = 4; lastKnownFileType = sourcecode.c.h; path = "NSLayoutConstraint+LayoutConstraintHelper.h"; sourceTree = "<group>"; };
		EA895D611D0B477E00BF8902 /* NSLayoutConstraint+LayoutConstraintHelper.m */ = {isa = PBXFileReference; fileEncoding = 4; lastKnownFileType = sourcecode.c.objc; path = "NSLayoutConstraint+LayoutConstraintHelper.m"; sourceTree = "<group>"; };
		EA895D631D0B4B7000BF8902 /* UIView+Common.h */ = {isa = PBXFileReference; fileEncoding = 4; lastKnownFileType = sourcecode.c.h; path = "UIView+Common.h"; sourceTree = "<group>"; };
		EA895D641D0B4B7000BF8902 /* UIView+Common.m */ = {isa = PBXFileReference; fileEncoding = 4; lastKnownFileType = sourcecode.c.objc; path = "UIView+Common.m"; sourceTree = "<group>"; };
		EA895D731D0B51F300BF8902 /* UIResponder+UIComponentUtility.h */ = {isa = PBXFileReference; fileEncoding = 4; lastKnownFileType = sourcecode.c.h; path = "UIResponder+UIComponentUtility.h"; sourceTree = "<group>"; };
		EA895D741D0B51F300BF8902 /* UIResponder+UIComponentUtility.m */ = {isa = PBXFileReference; fileEncoding = 4; lastKnownFileType = sourcecode.c.objc; path = "UIResponder+UIComponentUtility.m"; sourceTree = "<group>"; };
		EA895D7A1D0B55BD00BF8902 /* PageBaseViewController.h */ = {isa = PBXFileReference; fileEncoding = 4; lastKnownFileType = sourcecode.c.h; path = PageBaseViewController.h; sourceTree = "<group>"; };
		EA895D7B1D0B55BD00BF8902 /* PageBaseViewController.m */ = {isa = PBXFileReference; fileEncoding = 4; lastKnownFileType = sourcecode.c.objc; path = PageBaseViewController.m; sourceTree = "<group>"; };
		EADDBBD51D244D90000908A9 /* BaseChildViewController.h */ = {isa = PBXFileReference; fileEncoding = 4; lastKnownFileType = sourcecode.c.h; path = BaseChildViewController.h; sourceTree = "<group>"; };
		EADDBBD61D244D90000908A9 /* BaseChildViewController.m */ = {isa = PBXFileReference; fileEncoding = 4; lastKnownFileType = sourcecode.c.objc; path = BaseChildViewController.m; sourceTree = "<group>"; };
		EADDBBD91D244EB8000908A9 /* CustomNavigationController.h */ = {isa = PBXFileReference; fileEncoding = 4; lastKnownFileType = sourcecode.c.h; path = CustomNavigationController.h; sourceTree = "<group>"; };
		EADDBBDA1D244EB8000908A9 /* CustomNavigationController.m */ = {isa = PBXFileReference; fileEncoding = 4; lastKnownFileType = sourcecode.c.objc; path = CustomNavigationController.m; sourceTree = "<group>"; };
/* End PBXFileReference section */

/* Begin PBXFrameworksBuildPhase section */
		8468C8CD1D0AA58B00B30DCF /* Frameworks */ = {
			isa = PBXFrameworksBuildPhase;
			buildActionMask = 2147483647;
			files = (
				8468C9421D0AAD0300B30DCF /* Foundation.framework in Frameworks */,
				8468C9401D0AACFC00B30DCF /* CoreGraphics.framework in Frameworks */,
				8468C93E1D0AACF200B30DCF /* UIKit.framework in Frameworks */,
				4C85B15EF09B6835CD0E7B8E /* Pods_AnheuserBusch.framework in Frameworks */,
			);
			runOnlyForDeploymentPostprocessing = 0;
		};
		8468C8E91D0AA58B00B30DCF /* Frameworks */ = {
			isa = PBXFrameworksBuildPhase;
			buildActionMask = 2147483647;
			files = (
			);
			runOnlyForDeploymentPostprocessing = 0;
		};
		8468C8F41D0AA58B00B30DCF /* Frameworks */ = {
			isa = PBXFrameworksBuildPhase;
			buildActionMask = 2147483647;
			files = (
			);
			runOnlyForDeploymentPostprocessing = 0;
		};
/* End PBXFrameworksBuildPhase section */

/* Begin PBXGroup section */
		1CEA0CE22E8DACE32ABFFCB7 /* Pods */ = {
			isa = PBXGroup;
			children = (
				03D768E5340D91F558808008 /* Pods-AnheuserBusch.debug.xcconfig */,
				032583A2F00214ECCB084D5B /* Pods-AnheuserBusch.release.xcconfig */,
			);
			name = Pods;
			sourceTree = "<group>";
		};
		842729C41D252B3D000EEB1C /* KPIRankingViewController */ = {
			isa = PBXGroup;
			children = (
				842729C51D252B61000EEB1C /* KPIRankingViewController.h */,
				842729C61D252B61000EEB1C /* KPIRankingViewController.m */,
				B58F29EB1D268FD300B307CA /* KPIRankingViewPresenter.h */,
				B58F29EC1D268FD300B307CA /* KPIRankingViewPresenter.m */,
				B58F29EE1D268FFB00B307CA /* KPIRankingViewProtocol.h */,
				B58F29EF1D268FFC00B307CA /* KPIRankingViewProtocol.m */,
			);
			path = KPIRankingViewController;
			sourceTree = "<group>";
		};
		84272A121D25593C000EEB1C /* CStorePLViewConroller */ = {
			isa = PBXGroup;
			children = (
				84272A131D25595E000EEB1C /* CStorePLViewConroller.h */,
				84272A141D25595E000EEB1C /* CStorePLViewConroller.m */,
			);
			path = CStorePLViewConroller;
			sourceTree = "<group>";
		};
		84272A1A1D257951000EEB1C /* CustomTableViewCell */ = {
			isa = PBXGroup;
			children = (
				84272A1B1D257951000EEB1C /* CStorePLTableViewCell */,
				84272A211D257951000EEB1C /* PeerRankingDetailPageCell */,
				84272A241D257951000EEB1C /* ProfilePageCustomCell */,
			);
			path = CustomTableViewCell;
			sourceTree = "<group>";
		};
		84272A1B1D257951000EEB1C /* CStorePLTableViewCell */ = {
			isa = PBXGroup;
			children = (
				84272A1C1D257951000EEB1C /* CStorePLTableViewCell.h */,
				84272A1D1D257951000EEB1C /* CStorePLTableViewCell.m */,
			);
			path = CStorePLTableViewCell;
			sourceTree = "<group>";
		};
		84272A211D257951000EEB1C /* PeerRankingDetailPageCell */ = {
			isa = PBXGroup;
			children = (
				84272A221D257951000EEB1C /* PeerRankingDetailPageCell.h */,
				84272A231D257951000EEB1C /* PeerRankingDetailPageCell.m */,
			);
			path = PeerRankingDetailPageCell;
			sourceTree = "<group>";
		};
		84272A241D257951000EEB1C /* ProfilePageCustomCell */ = {
			isa = PBXGroup;
			children = (
				84272A251D257951000EEB1C /* ProfilePageCustomCell.h */,
				84272A261D257951000EEB1C /* ProfilePageCustomCell.m */,
			);
			path = ProfilePageCustomCell;
			sourceTree = "<group>";
		};
		84272A351D257A53000EEB1C /* GenericUIComponent */ = {
			isa = PBXGroup;
			children = (
				84272A361D257A53000EEB1C /* CustomPageViewController */,
			);
			path = GenericUIComponent;
			sourceTree = "<group>";
		};
		84272A361D257A53000EEB1C /* CustomPageViewController */ = {
			isa = PBXGroup;
			children = (
				84272A371D257A53000EEB1C /* GUITabPagerViewController.h */,
				84272A381D257A53000EEB1C /* GUITabPagerViewController.m */,
				84272A391D257A53000EEB1C /* GUITabScrollView.h */,
				84272A3A1D257A53000EEB1C /* GUITabScrollView.m */,
			);
			path = CustomPageViewController;
			sourceTree = "<group>";
		};
		84272A3D1D257A87000EEB1C /* Helper */ = {
			isa = PBXGroup;
			children = (
				84272A3E1D257A87000EEB1C /* SalesForceChatterHelper */,
				84272A411D257A87000EEB1C /* SalesForceSOQLHelper */,
			);
			path = Helper;
			sourceTree = "<group>";
		};
		84272A3E1D257A87000EEB1C /* SalesForceChatterHelper */ = {
			isa = PBXGroup;
			children = (
				84272A3F1D257A87000EEB1C /* SalesForceChatterHelper.h */,
				84272A401D257A87000EEB1C /* SalesForceChatterHelper.m */,
			);
			path = SalesForceChatterHelper;
			sourceTree = "<group>";
		};
		84272A411D257A87000EEB1C /* SalesForceSOQLHelper */ = {
			isa = PBXGroup;
			children = (
				84272A421D257A87000EEB1C /* SalesForceSOQL.h */,
				84272A431D257A87000EEB1C /* SalesForceSOQL.m */,
			);
			path = SalesForceSOQLHelper;
			sourceTree = "<group>";
		};
		844AF87E1D2637A200397D09 /* IncentivesProgressBarViewModel */ = {
			isa = PBXGroup;
			children = (
				844AF87F1D2637B200397D09 /* IncentivesProgressBarViewModel.h */,
				844AF8801D2637B200397D09 /* IncentivesProgressBarViewModel.m */,
			);
			path = IncentivesProgressBarViewModel;
			sourceTree = "<group>";
		};
		845A4B3E1D2A59F000209263 /* ProfileDataModel */ = {
			isa = PBXGroup;
			children = (
			);
			path = ProfileDataModel;
			sourceTree = "<group>";
		};
		845A4B421D2A5C0500209263 /* KPIsDetailsDataModel */ = {
			isa = PBXGroup;
			children = (
				845A4B431D2A5C0C00209263 /* KPIsDetailsDataModel.h */,
				845A4B441D2A5C0C00209263 /* KPIsDetailsDataModel.m */,
			);
			path = KPIsDetailsDataModel;
			sourceTree = "<group>";
		};
		8468C8C71D0AA58B00B30DCF = {
			isa = PBXGroup;
			children = (
				8468C8D21D0AA58B00B30DCF /* AnheuserBusch */,
				8468C8EF1D0AA58B00B30DCF /* AnheuserBuschTests */,
				8468C8FA1D0AA58B00B30DCF /* AnheuserBuschUITests */,
				8468C8D11D0AA58B00B30DCF /* Products */,
				1CEA0CE22E8DACE32ABFFCB7 /* Pods */,
				E2B52B9B1DAAC8E01B804260 /* Frameworks */,
			);
			sourceTree = "<group>";
		};
		8468C8D11D0AA58B00B30DCF /* Products */ = {
			isa = PBXGroup;
			children = (
				8468C8D01D0AA58B00B30DCF /* AnheuserBusch.app */,
				8468C8EC1D0AA58B00B30DCF /* AnheuserBuschTests.xctest */,
				8468C8F71D0AA58B00B30DCF /* AnheuserBuschUITests.xctest */,
			);
			name = Products;
			sourceTree = "<group>";
		};
		8468C8D21D0AA58B00B30DCF /* AnheuserBusch */ = {
			isa = PBXGroup;
			children = (
				8468C9151D0AA82E00B30DCF /* Application */,
				8468C9181D0AA82E00B30DCF /* Controllers */,
				8468C9431D0AAFE100B30DCF /* Common */,
				EA942F311D0F770E0018E7BB /* CustomUIComponent */,
				EA8497841D0B70630034B44F /* Models */,
				8468C91E1D0AA82E00B30DCF /* Resources */,
				8468C91F1D0AA82E00B30DCF /* Utility */,
				8468C9391D0AAAEC00B30DCF /* Storyboard */,
				8468C93B1D0AAB5A00B30DCF /* CoreDataModel */,
				8468C8D31D0AA58B00B30DCF /* Supporting Files */,
				8468C9381D0AAADB00B30DCF /* Frameworks */,
			);
			path = AnheuserBusch;
			sourceTree = "<group>";
		};
		8468C8D31D0AA58B00B30DCF /* Supporting Files */ = {
			isa = PBXGroup;
			children = (
				8468C8E71D0AA58B00B30DCF /* Info.plist */,
				8468C8D41D0AA58B00B30DCF /* main.m */,
			);
			name = "Supporting Files";
			sourceTree = "<group>";
		};
		8468C8EF1D0AA58B00B30DCF /* AnheuserBuschTests */ = {
			isa = PBXGroup;
			children = (
				8468C8F01D0AA58B00B30DCF /* AnheuserBuschTests.m */,
				8468C8F21D0AA58B00B30DCF /* Info.plist */,
			);
			path = AnheuserBuschTests;
			sourceTree = "<group>";
		};
		8468C8FA1D0AA58B00B30DCF /* AnheuserBuschUITests */ = {
			isa = PBXGroup;
			children = (
				8468C8FB1D0AA58B00B30DCF /* AnheuserBuschUITests.m */,
				8468C8FD1D0AA58B00B30DCF /* Info.plist */,
			);
			path = AnheuserBuschUITests;
			sourceTree = "<group>";
		};
		8468C9151D0AA82E00B30DCF /* Application */ = {
			isa = PBXGroup;
			children = (
				8468C9161D0AA82E00B30DCF /* AppDelegate.h */,
				8468C9171D0AA82E00B30DCF /* AppDelegate.m */,
			);
			path = Application;
			sourceTree = "<group>";
		};
		8468C9181D0AA82E00B30DCF /* Controllers */ = {
			isa = PBXGroup;
			children = (
				84272A121D25593C000EEB1C /* CStorePLViewConroller */,
				842729C41D252B3D000EEB1C /* KPIRankingViewController */,
				B51EED4D1D255F8400F9A97E /* PeerProfileViewController */,
				EADDBBD81D244E9F000908A9 /* CustomNavigationController */,
				B5B04ED91D23F5B9002BAC9F /* PeerRankingDetailViewController */,
				847E5E251D22E6D8006B9854 /* ChatterViewController */,
				847E5E111D22E6B7006B9854 /* CustomSideMenuController */,
				847E5E001D22AF6D006B9854 /* OnBoardingViewController */,
				8468C91B1D0AA82E00B30DCF /* LoginPage */,
				8468C9451D0AB11E00B30DCF /* BaseViewController */,
				B5F19B6D1D212DF0003A4246 /* ProfileViewController */,
			);
			path = Controllers;
			sourceTree = "<group>";
		};
		8468C91B1D0AA82E00B30DCF /* LoginPage */ = {
			isa = PBXGroup;
			children = (
				8468C92A1D0AA8D900B30DCF /* LoginViewController.h */,
				8468C92B1D0AA8D900B30DCF /* LoginViewController.m */,
			);
			path = LoginPage;
			sourceTree = "<group>";
		};
		8468C91E1D0AA82E00B30DCF /* Resources */ = {
			isa = PBXGroup;
			children = (
				84BAE0661D2A54EC00F0B38A /* Plist */,
				8468C9311D0AA9BA00B30DCF /* Fonts */,
				8468C92E1D0AA98700B30DCF /* Assets */,
			);
			path = Resources;
			sourceTree = "<group>";
		};
		8468C91F1D0AA82E00B30DCF /* Utility */ = {
			isa = PBXGroup;
			children = (
				84272A3D1D257A87000EEB1C /* Helper */,
				84272A351D257A53000EEB1C /* GenericUIComponent */,
				8468C9201D0AA82E00B30DCF /* Category */,
			);
			path = Utility;
			sourceTree = "<group>";
		};
		8468C9201D0AA82E00B30DCF /* Category */ = {
			isa = PBXGroup;
			children = (
				8468C9671D0AF78300B30DCF /* NSObject+HelperUtil.h */,
				8468C9681D0AF78300B30DCF /* NSObject+HelperUtil.m */,
				EA895D601D0B477E00BF8902 /* NSLayoutConstraint+LayoutConstraintHelper.h */,
				EA895D611D0B477E00BF8902 /* NSLayoutConstraint+LayoutConstraintHelper.m */,
				EA895D631D0B4B7000BF8902 /* UIView+Common.h */,
				EA895D641D0B4B7000BF8902 /* UIView+Common.m */,
				EA895D731D0B51F300BF8902 /* UIResponder+UIComponentUtility.h */,
				EA895D741D0B51F300BF8902 /* UIResponder+UIComponentUtility.m */,
			);
			path = Category;
			sourceTree = "<group>";
		};
		8468C92E1D0AA98700B30DCF /* Assets */ = {
			isa = PBXGroup;
			children = (
				8468C92F1D0AA9A300B30DCF /* Assets.xcassets */,
			);
			path = Assets;
			sourceTree = "<group>";
		};
		8468C9311D0AA9BA00B30DCF /* Fonts */ = {
			isa = PBXGroup;
			children = (
			);
			path = Fonts;
			sourceTree = "<group>";
		};
		8468C9381D0AAADB00B30DCF /* Frameworks */ = {
			isa = PBXGroup;
			children = (
				8468C9411D0AAD0300B30DCF /* Foundation.framework */,
				8468C93F1D0AACFC00B30DCF /* CoreGraphics.framework */,
				8468C93D1D0AACF200B30DCF /* UIKit.framework */,
			);
			path = Frameworks;
			sourceTree = "<group>";
		};
		8468C9391D0AAAEC00B30DCF /* Storyboard */ = {
			isa = PBXGroup;
			children = (
				8468C8DC1D0AA58B00B30DCF /* Main.storyboard */,
				8468C8E41D0AA58B00B30DCF /* LaunchScreen.storyboard */,
			);
			name = Storyboard;
			sourceTree = "<group>";
		};
		8468C93B1D0AAB5A00B30DCF /* CoreDataModel */ = {
			isa = PBXGroup;
			children = (
				8468C9351D0AAA6F00B30DCF /* AnheuserBusch.xcdatamodeld */,
			);
			name = CoreDataModel;
			sourceTree = "<group>";
		};
		8468C9431D0AAFE100B30DCF /* Common */ = {
			isa = PBXGroup;
			children = (
				8468C9441D0AB00800B30DCF /* Constants.h */,
			);
			path = Common;
			sourceTree = "<group>";
		};
		8468C9451D0AB11E00B30DCF /* BaseViewController */ = {
			isa = PBXGroup;
			children = (
				EA895D7A1D0B55BD00BF8902 /* PageBaseViewController.h */,
				EA895D7B1D0B55BD00BF8902 /* PageBaseViewController.m */,
				EADDBBD51D244D90000908A9 /* BaseChildViewController.h */,
				EADDBBD61D244D90000908A9 /* BaseChildViewController.m */,
			);
			path = BaseViewController;
			sourceTree = "<group>";
		};
		847E5E001D22AF6D006B9854 /* OnBoardingViewController */ = {
			isa = PBXGroup;
			children = (
				847E5E041D22AF95006B9854 /* InternalViewController.h */,
				847E5E051D22AF95006B9854 /* InternalViewController.m */,
				847E5E011D22AF6D006B9854 /* OnBoardingViewController.h */,
				847E5E021D22AF6D006B9854 /* OnBoardingViewController.m */,
			);
			path = OnBoardingViewController;
			sourceTree = "<group>";
		};
		847E5E111D22E6B7006B9854 /* CustomSideMenuController */ = {
			isa = PBXGroup;
			children = (
				847E5E121D22E6B7006B9854 /* CustomSideMenuController */,
				847E5E171D22E6B7006B9854 /* MenuListViewController */,
			);
			path = CustomSideMenuController;
			sourceTree = "<group>";
		};
		847E5E121D22E6B7006B9854 /* CustomSideMenuController */ = {
			isa = PBXGroup;
			children = (
				847E5E131D22E6B7006B9854 /* CustomSideMenuController.h */,
				847E5E141D22E6B7006B9854 /* CustomSideMenuController.m */,
				847E5E151D22E6B7006B9854 /* CustomSideMenuOptions.h */,
				847E5E161D22E6B7006B9854 /* CustomSideMenuOptions.m */,
			);
			path = CustomSideMenuController;
			sourceTree = "<group>";
		};
		847E5E171D22E6B7006B9854 /* MenuListViewController */ = {
			isa = PBXGroup;
			children = (
				847E5E181D22E6B7006B9854 /* MenuListTableViewListCell */,
				847E5E1C1D22E6B7006B9854 /* MenuListViewController.h */,
				847E5E1D1D22E6B7006B9854 /* MenuListViewController.m */,
				847E5E1E1D22E6B7006B9854 /* MenuListViewController.xib */,
			);
			path = MenuListViewController;
			sourceTree = "<group>";
		};
		847E5E181D22E6B7006B9854 /* MenuListTableViewListCell */ = {
			isa = PBXGroup;
			children = (
				847E5E191D22E6B7006B9854 /* MenuListTableViewListCell.h */,
				847E5E1A1D22E6B7006B9854 /* MenuListTableViewListCell.m */,
				847E5E1B1D22E6B7006B9854 /* MenuListTableViewListCell.xib */,
			);
			path = MenuListTableViewListCell;
			sourceTree = "<group>";
		};
		847E5E251D22E6D8006B9854 /* ChatterViewController */ = {
			isa = PBXGroup;
			children = (
				847E5E261D22E6D8006B9854 /* ChatterViewController.h */,
				847E5E271D22E6D8006B9854 /* ChatterViewController.m */,
				847E5E281D22E6D8006B9854 /* ChatterViewControllerPresenter.h */,
				847E5E291D22E6D8006B9854 /* ChatterViewControllerPresenter.m */,
				847E5E2A1D22E6D8006B9854 /* ChatterViewControllerProtocol.h */,
				847E5E2B1D22E6D8006B9854 /* CommentVIew.h */,
				847E5E2C1D22E6D8006B9854 /* CommentVIew.m */,
				847E5E2D1D22E6D8006B9854 /* CommentVIew.xib */,
				847E5E2E1D22E6D8006B9854 /* FeedListTableViewCell.h */,
				847E5E2F1D22E6D8006B9854 /* FeedListTableViewCell.m */,
				847E5E301D22E6D8006B9854 /* FeedListTableViewCellDelegate.h */,
			);
			path = ChatterViewController;
			sourceTree = "<group>";
		};
		847E5E361D22E6FB006B9854 /* ChatterModel */ = {
			isa = PBXGroup;
			children = (
				847E5E371D22E6FB006B9854 /* ActorDataModel */,
				847E5E3A1D22E6FB006B9854 /* CommentItemModel */,
				847E5E3F1D22E6FB006B9854 /* FeedDataModel */,
			);
			path = ChatterModel;
			sourceTree = "<group>";
		};
		847E5E371D22E6FB006B9854 /* ActorDataModel */ = {
			isa = PBXGroup;
			children = (
				847E5E381D22E6FB006B9854 /* ActorDataModel.h */,
				847E5E391D22E6FB006B9854 /* ActorDataModel.m */,
			);
			path = ActorDataModel;
			sourceTree = "<group>";
		};
		847E5E3A1D22E6FB006B9854 /* CommentItemModel */ = {
			isa = PBXGroup;
			children = (
				847E5E3B1D22E6FB006B9854 /* CommentItemModel.h */,
				847E5E3C1D22E6FB006B9854 /* CommentItemModel.m */,
				847E5E3D1D22E6FB006B9854 /* CommentModel.h */,
				847E5E3E1D22E6FB006B9854 /* CommentModel.m */,
			);
			path = CommentItemModel;
			sourceTree = "<group>";
		};
		847E5E3F1D22E6FB006B9854 /* FeedDataModel */ = {
			isa = PBXGroup;
			children = (
				847E5E401D22E6FB006B9854 /* FeedDataModel.h */,
				847E5E411D22E6FB006B9854 /* FeedDataModel.m */,
			);
			path = FeedDataModel;
			sourceTree = "<group>";
		};
		84852EBF1D240E9800C4DE42 /* IncentivesProgressBarView */ = {
			isa = PBXGroup;
			children = (
				844AF87E1D2637A200397D09 /* IncentivesProgressBarViewModel */,
				84852EC01D240EAC00C4DE42 /* IncentivesProgressBarView.h */,
				84852EC11D240EAC00C4DE42 /* IncentivesProgressBarView.m */,
			);
			path = IncentivesProgressBarView;
			sourceTree = "<group>";
		};
		84BAE0661D2A54EC00F0B38A /* Plist */ = {
			isa = PBXGroup;
			children = (
				84BAE0671D2A552600F0B38A /* ProfileDemo.plist */,
			);
			path = Plist;
			sourceTree = "<group>";
		};
		B50FEC841D22543300EA34D4 /* IncentiveDataModel */ = {
			isa = PBXGroup;
			children = (
				B50FEC861D22553B00EA34D4 /* IncentiveDataModel.h */,
				B50FEC871D22553B00EA34D4 /* IncentiveDataModel.m */,
			);
			path = IncentiveDataModel;
			sourceTree = "<group>";
		};
		B51EED4D1D255F8400F9A97E /* PeerProfileViewController */ = {
			isa = PBXGroup;
			children = (
				B51EED4E1D255FBC00F9A97E /* PeerProfileViewController.h */,
				B51EED4F1D255FBC00F9A97E /* PeerProfileViewController.m */,
				B58F29F11D26902300B307CA /* PeerProfileViewPresenter.h */,
				B58F29F21D26902300B307CA /* PeerProfileViewPresenter.m */,
				B58F29F41D26904A00B307CA /* PeerProfileViewProtocol.h */,
			);
			path = PeerProfileViewController;
			sourceTree = "<group>";
		};
		B5B04ED51D23F55D002BAC9F /* PeerRankingDataModel */ = {
			isa = PBXGroup;
			children = (
				B5B04ED61D23F55D002BAC9F /* PeerRankingDataModel.h */,
				B5B04ED71D23F55E002BAC9F /* PeerRankingDataModel.m */,
			);
			path = PeerRankingDataModel;
			sourceTree = "<group>";
		};
		B5B04ED91D23F5B9002BAC9F /* PeerRankingDetailViewController */ = {
			isa = PBXGroup;
			children = (
				B5B04EDA1D23F5B9002BAC9F /* PeerRankingDetailPresenter.h */,
				B5B04EDB1D23F5B9002BAC9F /* PeerRankingDetailPresenter.m */,
				B5B04EDC1D23F5B9002BAC9F /* PeerRankingDetailProtocol.h */,
				B5B04EDD1D23F5B9002BAC9F /* PeerRankingDetailViewController.h */,
				B5B04EDE1D23F5B9002BAC9F /* PeerRankingDetailViewController.m */,
			);
			path = PeerRankingDetailViewController;
			sourceTree = "<group>";
		};
		B5F19B6D1D212DF0003A4246 /* ProfileViewController */ = {
			isa = PBXGroup;
			children = (
				B5F19B6E1D212E1C003A4246 /* ProfileViewController.h */,
				B5F19B6F1D212E1C003A4246 /* ProfileViewController.m */,
				B50FEC891D225DFD00EA34D4 /* ProfileViewPresenter.h */,
				B50FEC8A1D225DFD00EA34D4 /* ProfileViewPresenter.m */,
				B50FEC8C1D225E3B00EA34D4 /* ProfileViewProtocol.h */,
			);
			path = ProfileViewController;
			sourceTree = "<group>";
		};
		E2B52B9B1DAAC8E01B804260 /* Frameworks */ = {
			isa = PBXGroup;
			children = (
				D81035F868542EEDBC8DF2DC /* Pods_AnheuserBusch.framework */,
			);
			name = Frameworks;
			sourceTree = "<group>";
		};
		EA8497841D0B70630034B44F /* Models */ = {
			isa = PBXGroup;
			children = (
				845A4B421D2A5C0500209263 /* KPIsDetailsDataModel */,
				845A4B3E1D2A59F000209263 /* ProfileDataModel */,
				84272A461D258424000EEB1C /* WorkProfileDataModel.h */,
				84272A471D258424000EEB1C /* WorkProfileDataModel.m */,
				B5B04ED51D23F55D002BAC9F /* PeerRankingDataModel */,
				847E5E361D22E6FB006B9854 /* ChatterModel */,
				B50FEC841D22543300EA34D4 /* IncentiveDataModel */,
			);
			path = Models;
			sourceTree = "<group>";
		};
		EA942F311D0F770E0018E7BB /* CustomUIComponent */ = {
			isa = PBXGroup;
			children = (
				84272A1A1D257951000EEB1C /* CustomTableViewCell */,
				EA942F361D0F770E0018E7BB /* Views */,
			);
			path = CustomUIComponent;
			sourceTree = "<group>";
		};
		EA942F361D0F770E0018E7BB /* Views */ = {
			isa = PBXGroup;
			children = (
				84852EBF1D240E9800C4DE42 /* IncentivesProgressBarView */,
			);
			path = Views;
			sourceTree = "<group>";
		};
		EADDBBD81D244E9F000908A9 /* CustomNavigationController */ = {
			isa = PBXGroup;
			children = (
				EADDBBD91D244EB8000908A9 /* CustomNavigationController.h */,
				EADDBBDA1D244EB8000908A9 /* CustomNavigationController.m */,
			);
			path = CustomNavigationController;
			sourceTree = "<group>";
		};
/* End PBXGroup section */

/* Begin PBXNativeTarget section */
		8468C8CF1D0AA58B00B30DCF /* AnheuserBusch */ = {
			isa = PBXNativeTarget;
			buildConfigurationList = 8468C9001D0AA58B00B30DCF /* Build configuration list for PBXNativeTarget "AnheuserBusch" */;
			buildPhases = (
				1C75D6BE95D65FDE63F196DB /* Check Pods Manifest.lock */,
				8468C8CC1D0AA58B00B30DCF /* Sources */,
				8468C8CD1D0AA58B00B30DCF /* Frameworks */,
				8468C8CE1D0AA58B00B30DCF /* Resources */,
				FE316786E0C9CF5AE1556B5B /* Embed Pods Frameworks */,
				116B260459D3609617C79447 /* Copy Pods Resources */,
			);
			buildRules = (
			);
			dependencies = (
			);
			name = AnheuserBusch;
			productName = AnheuserBusch;
			productReference = 8468C8D01D0AA58B00B30DCF /* AnheuserBusch.app */;
			productType = "com.apple.product-type.application";
		};
		8468C8EB1D0AA58B00B30DCF /* AnheuserBuschTests */ = {
			isa = PBXNativeTarget;
			buildConfigurationList = 8468C9031D0AA58B00B30DCF /* Build configuration list for PBXNativeTarget "AnheuserBuschTests" */;
			buildPhases = (
				8468C8E81D0AA58B00B30DCF /* Sources */,
				8468C8E91D0AA58B00B30DCF /* Frameworks */,
				8468C8EA1D0AA58B00B30DCF /* Resources */,
			);
			buildRules = (
			);
			dependencies = (
				8468C8EE1D0AA58B00B30DCF /* PBXTargetDependency */,
			);
			name = AnheuserBuschTests;
			productName = AnheuserBuschTests;
			productReference = 8468C8EC1D0AA58B00B30DCF /* AnheuserBuschTests.xctest */;
			productType = "com.apple.product-type.bundle.unit-test";
		};
		8468C8F61D0AA58B00B30DCF /* AnheuserBuschUITests */ = {
			isa = PBXNativeTarget;
			buildConfigurationList = 8468C9061D0AA58B00B30DCF /* Build configuration list for PBXNativeTarget "AnheuserBuschUITests" */;
			buildPhases = (
				8468C8F31D0AA58B00B30DCF /* Sources */,
				8468C8F41D0AA58B00B30DCF /* Frameworks */,
				8468C8F51D0AA58B00B30DCF /* Resources */,
			);
			buildRules = (
			);
			dependencies = (
				8468C8F91D0AA58B00B30DCF /* PBXTargetDependency */,
			);
			name = AnheuserBuschUITests;
			productName = AnheuserBuschUITests;
			productReference = 8468C8F71D0AA58B00B30DCF /* AnheuserBuschUITests.xctest */;
			productType = "com.apple.product-type.bundle.ui-testing";
		};
/* End PBXNativeTarget section */

/* Begin PBXProject section */
		8468C8C81D0AA58B00B30DCF /* Project object */ = {
			isa = PBXProject;
			attributes = {
				LastUpgradeCheck = 0730;
				ORGANIZATIONNAME = Cognizant;
				TargetAttributes = {
					8468C8CF1D0AA58B00B30DCF = {
						CreatedOnToolsVersion = 7.3.1;
					};
					8468C8EB1D0AA58B00B30DCF = {
						CreatedOnToolsVersion = 7.3.1;
						TestTargetID = 8468C8CF1D0AA58B00B30DCF;
					};
					8468C8F61D0AA58B00B30DCF = {
						CreatedOnToolsVersion = 7.3.1;
						TestTargetID = 8468C8CF1D0AA58B00B30DCF;
					};
				};
			};
			buildConfigurationList = 8468C8CB1D0AA58B00B30DCF /* Build configuration list for PBXProject "AnheuserBusch" */;
			compatibilityVersion = "Xcode 3.2";
			developmentRegion = English;
			hasScannedForEncodings = 0;
			knownRegions = (
				en,
				Base,
			);
			mainGroup = 8468C8C71D0AA58B00B30DCF;
			productRefGroup = 8468C8D11D0AA58B00B30DCF /* Products */;
			projectDirPath = "";
			projectRoot = "";
			targets = (
				8468C8CF1D0AA58B00B30DCF /* AnheuserBusch */,
				8468C8EB1D0AA58B00B30DCF /* AnheuserBuschTests */,
				8468C8F61D0AA58B00B30DCF /* AnheuserBuschUITests */,
			);
		};
/* End PBXProject section */

/* Begin PBXResourcesBuildPhase section */
		8468C8CE1D0AA58B00B30DCF /* Resources */ = {
			isa = PBXResourcesBuildPhase;
			buildActionMask = 2147483647;
			files = (
				847E5E341D22E6D8006B9854 /* CommentVIew.xib in Resources */,
				8468C8E61D0AA58B00B30DCF /* LaunchScreen.storyboard in Resources */,
				8468C9301D0AA9A300B30DCF /* Assets.xcassets in Resources */,
				84BAE0681D2A552600F0B38A /* ProfileDemo.plist in Resources */,
				8468C8DE1D0AA58B00B30DCF /* Main.storyboard in Resources */,
				847E5E241D22E6B7006B9854 /* MenuListViewController.xib in Resources */,
				847E5E221D22E6B7006B9854 /* MenuListTableViewListCell.xib in Resources */,
			);
			runOnlyForDeploymentPostprocessing = 0;
		};
		8468C8EA1D0AA58B00B30DCF /* Resources */ = {
			isa = PBXResourcesBuildPhase;
			buildActionMask = 2147483647;
			files = (
			);
			runOnlyForDeploymentPostprocessing = 0;
		};
		8468C8F51D0AA58B00B30DCF /* Resources */ = {
			isa = PBXResourcesBuildPhase;
			buildActionMask = 2147483647;
			files = (
			);
			runOnlyForDeploymentPostprocessing = 0;
		};
/* End PBXResourcesBuildPhase section */

/* Begin PBXShellScriptBuildPhase section */
		116B260459D3609617C79447 /* Copy Pods Resources */ = {
			isa = PBXShellScriptBuildPhase;
			buildActionMask = 2147483647;
			files = (
			);
			inputPaths = (
			);
			name = "Copy Pods Resources";
			outputPaths = (
			);
			runOnlyForDeploymentPostprocessing = 0;
			shellPath = /bin/sh;
			shellScript = "\"${SRCROOT}/Pods/Target Support Files/Pods-AnheuserBusch/Pods-AnheuserBusch-resources.sh\"\n";
			showEnvVarsInLog = 0;
		};
		1C75D6BE95D65FDE63F196DB /* Check Pods Manifest.lock */ = {
			isa = PBXShellScriptBuildPhase;
			buildActionMask = 2147483647;
			files = (
			);
			inputPaths = (
			);
			name = "Check Pods Manifest.lock";
			outputPaths = (
			);
			runOnlyForDeploymentPostprocessing = 0;
			shellPath = /bin/sh;
			shellScript = "diff \"${PODS_ROOT}/../Podfile.lock\" \"${PODS_ROOT}/Manifest.lock\" > /dev/null\nif [[ $? != 0 ]] ; then\n    cat << EOM\nerror: The sandbox is not in sync with the Podfile.lock. Run 'pod install' or update your CocoaPods installation.\nEOM\n    exit 1\nfi\n";
			showEnvVarsInLog = 0;
		};
		FE316786E0C9CF5AE1556B5B /* Embed Pods Frameworks */ = {
			isa = PBXShellScriptBuildPhase;
			buildActionMask = 2147483647;
			files = (
			);
			inputPaths = (
			);
			name = "Embed Pods Frameworks";
			outputPaths = (
			);
			runOnlyForDeploymentPostprocessing = 0;
			shellPath = /bin/sh;
			shellScript = "\"${SRCROOT}/Pods/Target Support Files/Pods-AnheuserBusch/Pods-AnheuserBusch-frameworks.sh\"\n";
			showEnvVarsInLog = 0;
		};
/* End PBXShellScriptBuildPhase section */

/* Begin PBXSourcesBuildPhase section */
		8468C8CC1D0AA58B00B30DCF /* Sources */ = {
			isa = PBXSourcesBuildPhase;
			buildActionMask = 2147483647;
			files = (
				847E5E1F1D22E6B7006B9854 /* CustomSideMenuController.m in Sources */,
				8468C8D51D0AA58B00B30DCF /* main.m in Sources */,
				B5B04ED81D23F55E002BAC9F /* PeerRankingDataModel.m in Sources */,
				B58F29F31D26902300B307CA /* PeerProfileViewPresenter.m in Sources */,
				EA895D651D0B4B7000BF8902 /* UIView+Common.m in Sources */,
				84272A3C1D257A53000EEB1C /* GUITabScrollView.m in Sources */,
				B50FEC8B1D225DFD00EA34D4 /* ProfileViewPresenter.m in Sources */,
				842729C71D252B61000EEB1C /* KPIRankingViewController.m in Sources */,
				B5F19B701D212E1C003A4246 /* ProfileViewController.m in Sources */,
				847E5E231D22E6B7006B9854 /* MenuListViewController.m in Sources */,
				847E5E311D22E6D8006B9854 /* ChatterViewController.m in Sources */,
				847E5E031D22AF6D006B9854 /* OnBoardingViewController.m in Sources */,
				847E5E441D22E6FB006B9854 /* CommentModel.m in Sources */,
				8468C92C1D0AA8D900B30DCF /* LoginViewController.m in Sources */,
				B58F29ED1D268FD300B307CA /* KPIRankingViewPresenter.m in Sources */,
				8468C9231D0AA82E00B30DCF /* AppDelegate.m in Sources */,
				847E5E321D22E6D8006B9854 /* ChatterViewControllerPresenter.m in Sources */,
				847E5E421D22E6FB006B9854 /* ActorDataModel.m in Sources */,
				84272A481D258424000EEB1C /* WorkProfileDataModel.m in Sources */,
				84272A3B1D257A53000EEB1C /* GUITabPagerViewController.m in Sources */,
				844AF8811D2637B200397D09 /* IncentivesProgressBarViewModel.m in Sources */,
				847E5E351D22E6D8006B9854 /* FeedListTableViewCell.m in Sources */,
				EADDBBD71D244D90000908A9 /* BaseChildViewController.m in Sources */,
				8468C9691D0AF78300B30DCF /* NSObject+HelperUtil.m in Sources */,
				B5B04EE01D23F5B9002BAC9F /* PeerRankingDetailViewController.m in Sources */,
				EADDBBDB1D244EB9000908A9 /* CustomNavigationController.m in Sources */,
				847E5E331D22E6D8006B9854 /* CommentVIew.m in Sources */,
				847E5E061D22AF95006B9854 /* InternalViewController.m in Sources */,
				B50FEC881D22553B00EA34D4 /* IncentiveDataModel.m in Sources */,
				B51EED501D255FBC00F9A97E /* PeerProfileViewController.m in Sources */,
				B58F29F01D268FFC00B307CA /* KPIRankingViewProtocol.m in Sources */,
				EA895D7C1D0B55BD00BF8902 /* PageBaseViewController.m in Sources */,
				847E5E451D22E6FB006B9854 /* FeedDataModel.m in Sources */,
				84272A2A1D257951000EEB1C /* PeerRankingDetailPageCell.m in Sources */,
				84272A271D257951000EEB1C /* CStorePLTableViewCell.m in Sources */,
				847E5E431D22E6FB006B9854 /* CommentItemModel.m in Sources */,
				84272A2B1D257951000EEB1C /* ProfilePageCustomCell.m in Sources */,
				84272A451D257A87000EEB1C /* SalesForceSOQL.m in Sources */,
				847E5E201D22E6B7006B9854 /* CustomSideMenuOptions.m in Sources */,
				84852EC21D240EAC00C4DE42 /* IncentivesProgressBarView.m in Sources */,
				84272A441D257A87000EEB1C /* SalesForceChatterHelper.m in Sources */,
				EA895D751D0B51F300BF8902 /* UIResponder+UIComponentUtility.m in Sources */,
				8468C9371D0AAA6F00B30DCF /* AnheuserBusch.xcdatamodeld in Sources */,
				84272A151D25595E000EEB1C /* CStorePLViewConroller.m in Sources */,
				B5B04EDF1D23F5B9002BAC9F /* PeerRankingDetailPresenter.m in Sources */,
				845A4B451D2A5C0C00209263 /* KPIsDetailsDataModel.m in Sources */,
				847E5E211D22E6B7006B9854 /* MenuListTableViewListCell.m in Sources */,
				EA895D621D0B477E00BF8902 /* NSLayoutConstraint+LayoutConstraintHelper.m in Sources */,
			);
			runOnlyForDeploymentPostprocessing = 0;
		};
		8468C8E81D0AA58B00B30DCF /* Sources */ = {
			isa = PBXSourcesBuildPhase;
			buildActionMask = 2147483647;
			files = (
				8468C8F11D0AA58B00B30DCF /* AnheuserBuschTests.m in Sources */,
			);
			runOnlyForDeploymentPostprocessing = 0;
		};
		8468C8F31D0AA58B00B30DCF /* Sources */ = {
			isa = PBXSourcesBuildPhase;
			buildActionMask = 2147483647;
			files = (
				8468C8FC1D0AA58B00B30DCF /* AnheuserBuschUITests.m in Sources */,
			);
			runOnlyForDeploymentPostprocessing = 0;
		};
/* End PBXSourcesBuildPhase section */

/* Begin PBXTargetDependency section */
		8468C8EE1D0AA58B00B30DCF /* PBXTargetDependency */ = {
			isa = PBXTargetDependency;
			target = 8468C8CF1D0AA58B00B30DCF /* AnheuserBusch */;
			targetProxy = 8468C8ED1D0AA58B00B30DCF /* PBXContainerItemProxy */;
		};
		8468C8F91D0AA58B00B30DCF /* PBXTargetDependency */ = {
			isa = PBXTargetDependency;
			target = 8468C8CF1D0AA58B00B30DCF /* AnheuserBusch */;
			targetProxy = 8468C8F81D0AA58B00B30DCF /* PBXContainerItemProxy */;
		};
/* End PBXTargetDependency section */

/* Begin PBXVariantGroup section */
		8468C8DC1D0AA58B00B30DCF /* Main.storyboard */ = {
			isa = PBXVariantGroup;
			children = (
				8468C8DD1D0AA58B00B30DCF /* Base */,
			);
			name = Main.storyboard;
			sourceTree = "<group>";
		};
		8468C8E41D0AA58B00B30DCF /* LaunchScreen.storyboard */ = {
			isa = PBXVariantGroup;
			children = (
				8468C8E51D0AA58B00B30DCF /* Base */,
			);
			name = LaunchScreen.storyboard;
			sourceTree = "<group>";
		};
/* End PBXVariantGroup section */

/* Begin XCBuildConfiguration section */
		8468C8FE1D0AA58B00B30DCF /* Debug */ = {
			isa = XCBuildConfiguration;
			buildSettings = {
				ALWAYS_SEARCH_USER_PATHS = NO;
				CLANG_ANALYZER_NONNULL = YES;
				CLANG_CXX_LANGUAGE_STANDARD = "gnu++0x";
				CLANG_CXX_LIBRARY = "libc++";
				CLANG_ENABLE_MODULES = YES;
				CLANG_ENABLE_OBJC_ARC = YES;
				CLANG_WARN_BOOL_CONVERSION = YES;
				CLANG_WARN_CONSTANT_CONVERSION = YES;
				CLANG_WARN_DIRECT_OBJC_ISA_USAGE = YES_ERROR;
				CLANG_WARN_EMPTY_BODY = YES;
				CLANG_WARN_ENUM_CONVERSION = YES;
				CLANG_WARN_INT_CONVERSION = YES;
				CLANG_WARN_OBJC_ROOT_CLASS = YES_ERROR;
				CLANG_WARN_UNREACHABLE_CODE = YES;
				CLANG_WARN__DUPLICATE_METHOD_MATCH = YES;
				"CODE_SIGN_IDENTITY[sdk=iphoneos*]" = "iPhone Developer";
				COPY_PHASE_STRIP = NO;
				DEBUG_INFORMATION_FORMAT = dwarf;
				ENABLE_STRICT_OBJC_MSGSEND = YES;
				ENABLE_TESTABILITY = YES;
				GCC_C_LANGUAGE_STANDARD = gnu99;
				GCC_DYNAMIC_NO_PIC = NO;
				GCC_NO_COMMON_BLOCKS = YES;
				GCC_OPTIMIZATION_LEVEL = 0;
				GCC_PREPROCESSOR_DEFINITIONS = (
					"DEBUG=1",
					"$(inherited)",
				);
				GCC_WARN_64_TO_32_BIT_CONVERSION = YES;
				GCC_WARN_ABOUT_RETURN_TYPE = YES_ERROR;
				GCC_WARN_UNDECLARED_SELECTOR = YES;
				GCC_WARN_UNINITIALIZED_AUTOS = YES_AGGRESSIVE;
				GCC_WARN_UNUSED_FUNCTION = YES;
				GCC_WARN_UNUSED_VARIABLE = YES;
				IPHONEOS_DEPLOYMENT_TARGET = 9.3;
				MTL_ENABLE_DEBUG_INFO = YES;
				ONLY_ACTIVE_ARCH = YES;
				SDKROOT = iphoneos;
				TARGETED_DEVICE_FAMILY = "1,2";
			};
			name = Debug;
		};
		8468C8FF1D0AA58B00B30DCF /* Release */ = {
			isa = XCBuildConfiguration;
			buildSettings = {
				ALWAYS_SEARCH_USER_PATHS = NO;
				CLANG_ANALYZER_NONNULL = YES;
				CLANG_CXX_LANGUAGE_STANDARD = "gnu++0x";
				CLANG_CXX_LIBRARY = "libc++";
				CLANG_ENABLE_MODULES = YES;
				CLANG_ENABLE_OBJC_ARC = YES;
				CLANG_WARN_BOOL_CONVERSION = YES;
				CLANG_WARN_CONSTANT_CONVERSION = YES;
				CLANG_WARN_DIRECT_OBJC_ISA_USAGE = YES_ERROR;
				CLANG_WARN_EMPTY_BODY = YES;
				CLANG_WARN_ENUM_CONVERSION = YES;
				CLANG_WARN_INT_CONVERSION = YES;
				CLANG_WARN_OBJC_ROOT_CLASS = YES_ERROR;
				CLANG_WARN_UNREACHABLE_CODE = YES;
				CLANG_WARN__DUPLICATE_METHOD_MATCH = YES;
				"CODE_SIGN_IDENTITY[sdk=iphoneos*]" = "iPhone Developer";
				COPY_PHASE_STRIP = NO;
				DEBUG_INFORMATION_FORMAT = "dwarf-with-dsym";
				ENABLE_NS_ASSERTIONS = NO;
				ENABLE_STRICT_OBJC_MSGSEND = YES;
				GCC_C_LANGUAGE_STANDARD = gnu99;
				GCC_NO_COMMON_BLOCKS = YES;
				GCC_WARN_64_TO_32_BIT_CONVERSION = YES;
				GCC_WARN_ABOUT_RETURN_TYPE = YES_ERROR;
				GCC_WARN_UNDECLARED_SELECTOR = YES;
				GCC_WARN_UNINITIALIZED_AUTOS = YES_AGGRESSIVE;
				GCC_WARN_UNUSED_FUNCTION = YES;
				GCC_WARN_UNUSED_VARIABLE = YES;
				IPHONEOS_DEPLOYMENT_TARGET = 9.3;
				MTL_ENABLE_DEBUG_INFO = NO;
				SDKROOT = iphoneos;
				TARGETED_DEVICE_FAMILY = "1,2";
				VALIDATE_PRODUCT = YES;
			};
			name = Release;
		};
		8468C9011D0AA58B00B30DCF /* Debug */ = {
			isa = XCBuildConfiguration;
			baseConfigurationReference = 03D768E5340D91F558808008 /* Pods-AnheuserBusch.debug.xcconfig */;
			buildSettings = {
				ASSETCATALOG_COMPILER_APPICON_NAME = AppIcon;
				CODE_SIGN_IDENTITY = "iPhone Distribution: Cognizant Technology Solutions India Pvt Ltd";
				"CODE_SIGN_IDENTITY[sdk=iphoneos*]" = "iPhone Distribution: Cognizant Technology Solutions India Pvt Ltd";
				INFOPLIST_FILE = AnheuserBusch/Info.plist;
				IPHONEOS_DEPLOYMENT_TARGET = 8.2;
				LD_RUNPATH_SEARCH_PATHS = "$(inherited) @executable_path/Frameworks";
				PRODUCT_BUNDLE_IDENTIFIER = com.cognizantenterprisemobility.AnheuserBusch;
				PRODUCT_NAME = "$(TARGET_NAME)";
				PROVISIONING_PROFILE = "5a5688cd-e4f2-40bf-8223-d344a812338e";
				TARGETED_DEVICE_FAMILY = 1;
			};
			name = Debug;
		};
		8468C9021D0AA58B00B30DCF /* Release */ = {
			isa = XCBuildConfiguration;
			baseConfigurationReference = 032583A2F00214ECCB084D5B /* Pods-AnheuserBusch.release.xcconfig */;
			buildSettings = {
				ASSETCATALOG_COMPILER_APPICON_NAME = AppIcon;
				CODE_SIGN_IDENTITY = "iPhone Distribution: Cognizant Technology Solutions India Pvt Ltd";
				"CODE_SIGN_IDENTITY[sdk=iphoneos*]" = "iPhone Distribution: Cognizant Technology Solutions India Pvt Ltd";
				INFOPLIST_FILE = AnheuserBusch/Info.plist;
				IPHONEOS_DEPLOYMENT_TARGET = 8.2;
				LD_RUNPATH_SEARCH_PATHS = "$(inherited) @executable_path/Frameworks";
				PRODUCT_BUNDLE_IDENTIFIER = com.cognizantenterprisemobility.AnheuserBusch;
				PRODUCT_NAME = "$(TARGET_NAME)";
				PROVISIONING_PROFILE = "5a5688cd-e4f2-40bf-8223-d344a812338e";
				TARGETED_DEVICE_FAMILY = 1;
			};
			name = Release;
		};
		8468C9041D0AA58B00B30DCF /* Debug */ = {
			isa = XCBuildConfiguration;
			buildSettings = {
				BUNDLE_LOADER = "$(TEST_HOST)";
				INFOPLIST_FILE = AnheuserBuschTests/Info.plist;
				LD_RUNPATH_SEARCH_PATHS = "$(inherited) @executable_path/Frameworks @loader_path/Frameworks";
				PRODUCT_BUNDLE_IDENTIFIER = com.cognizantenterprisemobility.AnheuserBuschTests;
				PRODUCT_NAME = "$(TARGET_NAME)";
				TEST_HOST = "$(BUILT_PRODUCTS_DIR)/AnheuserBusch.app/AnheuserBusch";
			};
			name = Debug;
		};
		8468C9051D0AA58B00B30DCF /* Release */ = {
			isa = XCBuildConfiguration;
			buildSettings = {
				BUNDLE_LOADER = "$(TEST_HOST)";
				INFOPLIST_FILE = AnheuserBuschTests/Info.plist;
				LD_RUNPATH_SEARCH_PATHS = "$(inherited) @executable_path/Frameworks @loader_path/Frameworks";
				PRODUCT_BUNDLE_IDENTIFIER = com.cognizantenterprisemobility.AnheuserBuschTests;
				PRODUCT_NAME = "$(TARGET_NAME)";
				TEST_HOST = "$(BUILT_PRODUCTS_DIR)/AnheuserBusch.app/AnheuserBusch";
			};
			name = Release;
		};
		8468C9071D0AA58B00B30DCF /* Debug */ = {
			isa = XCBuildConfiguration;
			buildSettings = {
				INFOPLIST_FILE = AnheuserBuschUITests/Info.plist;
				LD_RUNPATH_SEARCH_PATHS = "$(inherited) @executable_path/Frameworks @loader_path/Frameworks";
				PRODUCT_BUNDLE_IDENTIFIER = com.cognizantenterprisemobility.AnheuserBuschUITests;
				PRODUCT_NAME = "$(TARGET_NAME)";
				TEST_TARGET_NAME = AnheuserBusch;
			};
			name = Debug;
		};
		8468C9081D0AA58B00B30DCF /* Release */ = {
			isa = XCBuildConfiguration;
			buildSettings = {
				INFOPLIST_FILE = AnheuserBuschUITests/Info.plist;
				LD_RUNPATH_SEARCH_PATHS = "$(inherited) @executable_path/Frameworks @loader_path/Frameworks";
				PRODUCT_BUNDLE_IDENTIFIER = com.cognizantenterprisemobility.AnheuserBuschUITests;
				PRODUCT_NAME = "$(TARGET_NAME)";
				TEST_TARGET_NAME = AnheuserBusch;
			};
			name = Release;
		};
/* End XCBuildConfiguration section */

/* Begin XCConfigurationList section */
		8468C8CB1D0AA58B00B30DCF /* Build configuration list for PBXProject "AnheuserBusch" */ = {
			isa = XCConfigurationList;
			buildConfigurations = (
				8468C8FE1D0AA58B00B30DCF /* Debug */,
				8468C8FF1D0AA58B00B30DCF /* Release */,
			);
			defaultConfigurationIsVisible = 0;
			defaultConfigurationName = Release;
		};
		8468C9001D0AA58B00B30DCF /* Build configuration list for PBXNativeTarget "AnheuserBusch" */ = {
			isa = XCConfigurationList;
			buildConfigurations = (
				8468C9011D0AA58B00B30DCF /* Debug */,
				8468C9021D0AA58B00B30DCF /* Release */,
			);
			defaultConfigurationIsVisible = 0;
			defaultConfigurationName = Release;
		};
		8468C9031D0AA58B00B30DCF /* Build configuration list for PBXNativeTarget "AnheuserBuschTests" */ = {
			isa = XCConfigurationList;
			buildConfigurations = (
				8468C9041D0AA58B00B30DCF /* Debug */,
				8468C9051D0AA58B00B30DCF /* Release */,
			);
			defaultConfigurationIsVisible = 0;
			defaultConfigurationName = Release;
		};
		8468C9061D0AA58B00B30DCF /* Build configuration list for PBXNativeTarget "AnheuserBuschUITests" */ = {
			isa = XCConfigurationList;
			buildConfigurations = (
				8468C9071D0AA58B00B30DCF /* Debug */,
				8468C9081D0AA58B00B30DCF /* Release */,
			);
			defaultConfigurationIsVisible = 0;
			defaultConfigurationName = Release;
		};
/* End XCConfigurationList section */

/* Begin XCVersionGroup section */
		8468C9351D0AAA6F00B30DCF /* AnheuserBusch.xcdatamodeld */ = {
			isa = XCVersionGroup;
			children = (
				8468C9361D0AAA6F00B30DCF /* AnheuserBusch.xcdatamodel */,
			);
			currentVersion = 8468C9361D0AAA6F00B30DCF /* AnheuserBusch.xcdatamodel */;
			path = AnheuserBusch.xcdatamodeld;
			sourceTree = "<group>";
			versionGroupType = wrapper.xcdatamodel;
		};
/* End XCVersionGroup section */
	};
	rootObject = 8468C8C81D0AA58B00B30DCF /* Project object */;
}
